
Microsoft Visual Studio Solution File, Format Version 12.00
# Visual Studio Version 17
VisualStudioVersion = 17.14.36623.8 d17.14
MinimumVisualStudioVersion = 10.0.40219.1
Project("{FAE04EC0-301F-11D3-BF4B-00C04F79EFBC}") = "TASK 1", "TASK 1\TASK 1.csproj", "{569FDB56-2C58-479A-A3AD-7CFE0E42D896}"
EndProject
Global
	GlobalSection(SolutionConfigurationPlatforms) = preSolution
		Debug|Any CPU = Debug|Any CPU
		Release|Any CPU = Release|Any CPU
	EndGlobalSection
	GlobalSection(ProjectConfigurationPlatforms) = postSolution
		{569FDB56-2C58-479A-A3AD-7CFE0E42D896}.Debug|Any CPU.ActiveCfg = Debug|Any CPU
		{569FDB56-2C58-479A-A3AD-7CFE0E42D896}.Debug|Any CPU.Build.0 = Debug|Any CPU
		{569FDB56-2C58-479A-A3AD-7CFE0E42D896}.Release|Any CPU.ActiveCfg = Release|Any CPU
		{569FDB56-2C58-479A-A3AD-7CFE0E42D896}.Release|Any CPU.Build.0 = Release|Any CPU
	EndGlobalSection
	GlobalSection(SolutionProperties) = preSolution
		HideSolutionNode = FALSE
	EndGlobalSection
	GlobalSection(ExtensibilityGlobals) = postSolution
		SolutionGuid = {2A622996-E02E-4DAE-A649-2F189EB3E703}
	EndGlobalSection
EndGlobal
